# This file is automatically @generated by Cargo.
# It is not intended for manual editing.
version = 4

[[package]]
name = "agent-kernel"
version = "0.1.0"
dependencies = [
 "agent-kernel-core",
]

[[package]]
name = "agent-kernel-core"
version = "0.1.0"

[[package]]
name = "agent-supervisor"
version = "0.1.0"
dependencies = [
 "agent-kernel",
 "agent-kernel-core",
]
